
Microsoft Visual Studio Solution File, Format Version 12.00
# Visual Studio 15
Project("{FAE04EC0-301F-11D3-BF4B-00C04F79EFBC}") = "Unity.XR.Interaction.Toolkit.Samples.StarterAssets", "Unity.XR.Interaction.Toolkit.Samples.StarterAssets.csproj", "{DCCC5562-9BD0-198E-22E7-5C4D633E3429}"
EndProject
Project("{FAE04EC0-301F-11D3-BF4B-00C04F79EFBC}") = "Assembly-CSharp", "Assembly-CSharp.csproj", "{75AC4C40-F16B-156B-5A80-9157E3301C82}"
EndProject
Project("{FAE04EC0-301F-11D3-BF4B-00C04F79EFBC}") = "Assembly-CSharp-Editor", "Assembly-CSharp-Editor.csproj", "{2E67655C-E42A-1E94-E88E-0905939731D1}"
EndProject
Project("{FAE04EC0-301F-11D3-BF4B-00C04F79EFBC}") = "ControllerSample", "ControllerSample.csproj", "{6E177077-42B7-4892-4BEC-205C5EAC194D}"
EndProject
Project("{FAE04EC0-301F-11D3-BF4B-00C04F79EFBC}") = "Unity.XR.Interaction.Toolkit.Samples.StarterAssets.Editor", "Unity.XR.Interaction.Toolkit.Samples.StarterAssets.Editor.csproj", "{037B5CE3-FEEF-7CDF-BA80-F995E0C389A6}"
EndProject
Global
	GlobalSection(SolutionConfigurationPlatforms) = preSolution
		Debug|Any CPU = Debug|Any CPU
		Release|Any CPU = Release|Any CPU
	EndGlobalSection
	GlobalSection(ProjectConfigurationPlatforms) = postSolution
		{DCCC5562-9BD0-198E-22E7-5C4D633E3429}.Debug|Any CPU.ActiveCfg = Debug|Any CPU
		{DCCC5562-9BD0-198E-22E7-5C4D633E3429}.Debug|Any CPU.Build.0 = Debug|Any CPU
		{DCCC5562-9BD0-198E-22E7-5C4D633E3429}.Release|Any CPU.ActiveCfg = Release|Any CPU
		{DCCC5562-9BD0-198E-22E7-5C4D633E3429}.Release|Any CPU.Build.0 = Release|Any CPU
		{75AC4C40-F16B-156B-5A80-9157E3301C82}.Debug|Any CPU.ActiveCfg = Debug|Any CPU
		{75AC4C40-F16B-156B-5A80-9157E3301C82}.Debug|Any CPU.Build.0 = Debug|Any CPU
		{75AC4C40-F16B-156B-5A80-9157E3301C82}.Release|Any CPU.ActiveCfg = Release|Any CPU
		{75AC4C40-F16B-156B-5A80-9157E3301C82}.Release|Any CPU.Build.0 = Release|Any CPU
		{2E67655C-E42A-1E94-E88E-0905939731D1}.Debug|Any CPU.ActiveCfg = Debug|Any CPU
		{2E67655C-E42A-1E94-E88E-0905939731D1}.Debug|Any CPU.Build.0 = Debug|Any CPU
		{2E67655C-E42A-1E94-E88E-0905939731D1}.Release|Any CPU.ActiveCfg = Release|Any CPU
		{2E67655C-E42A-1E94-E88E-0905939731D1}.Release|Any CPU.Build.0 = Release|Any CPU
		{6E177077-42B7-4892-4BEC-205C5EAC194D}.Debug|Any CPU.ActiveCfg = Debug|Any CPU
		{6E177077-42B7-4892-4BEC-205C5EAC194D}.Debug|Any CPU.Build.0 = Debug|Any CPU
		{6E177077-42B7-4892-4BEC-205C5EAC194D}.Release|Any CPU.ActiveCfg = Release|Any CPU
		{6E177077-42B7-4892-4BEC-205C5EAC194D}.Release|Any CPU.Build.0 = Release|Any CPU
		{037B5CE3-FEEF-7CDF-BA80-F995E0C389A6}.Debug|Any CPU.ActiveCfg = Debug|Any CPU
		{037B5CE3-FEEF-7CDF-BA80-F995E0C389A6}.Debug|Any CPU.Build.0 = Debug|Any CPU
		{037B5CE3-FEEF-7CDF-BA80-F995E0C389A6}.Release|Any CPU.ActiveCfg = Release|Any CPU
		{037B5CE3-FEEF-7CDF-BA80-F995E0C389A6}.Release|Any CPU.Build.0 = Release|Any CPU
	EndGlobalSection
	GlobalSection(SolutionProperties) = preSolution
		HideSolutionNode = FALSE
	EndGlobalSection
EndGlobal
